
Microsoft Visual Studio Solution File, Format Version 12.00
# Visual Studio 15
VisualStudioVersion = 15.0.28307.1231
MinimumVisualStudioVersion = 10.0.40219.1
Project("{9A19103F-16F7-4668-BE54-9A1E7A4F7556}") = "WebSocketServer", "..\WebSocketServer\WebSocketServer.csproj", "{B7612098-B092-449F-AD6E-B74D41359C7F}"
EndProject
Global
	GlobalSection(SolutionConfigurationPlatforms) = preSolution
		Debug|Any CPU = Debug|Any CPU
		Release|Any CPU = Release|Any CPU
	EndGlobalSection
	GlobalSection(ProjectConfigurationPlatforms) = postSolution
		{B7612098-B092-449F-AD6E-B74D41359C7F}.Debug|Any CPU.ActiveCfg = Debug|Any CPU
		{B7612098-B092-449F-AD6E-B74D41359C7F}.Debug|Any CPU.Build.0 = Debug|Any CPU
		{B7612098-B092-449F-AD6E-B74D41359C7F}.Release|Any CPU.ActiveCfg = Release|Any CPU
		{B7612098-B092-449F-AD6E-B74D41359C7F}.Release|Any CPU.Build.0 = Release|Any CPU
	EndGlobalSection
	GlobalSection(SolutionProperties) = preSolution
		HideSolutionNode = FALSE
	EndGlobalSection
	GlobalSection(ExtensibilityGlobals) = postSolution
		SolutionGuid = {0ECC2B06-B354-4011-998E-EBD2F4749E15}
	EndGlobalSection
EndGlobal
